// !$*UTF8*$!
{
	archiveVersion = 1;
	classes = {
	};
	objectVersion = 46;
	objects = {

/* Begin PBXBuildFile section */
		9E71C96F1E15A561009EF59B /* AppDelegate.swift in Sources */ = {isa = PBXBuildFile; fileRef = 9E71C96E1E15A561009EF59B /* AppDelegate.swift */; };
		9E71C9711E15A561009EF59B /* ViewController.swift in Sources */ = {isa = PBXBuildFile; fileRef = 9E71C9701E15A561009EF59B /* ViewController.swift */; };
		9E71C9741E15A561009EF59B /* Main.storyboard in Resources */ = {isa = PBXBuildFile; fileRef = 9E71C9721E15A561009EF59B /* Main.storyboard */; };
		9E71C9761E15A561009EF59B /* Assets.xcassets in Resources */ = {isa = PBXBuildFile; fileRef = 9E71C9751E15A561009EF59B /* Assets.xcassets */; };
		9E71C9791E15A561009EF59B /* LaunchScreen.storyboard in Resources */ = {isa = PBXBuildFile; fileRef = 9E71C9771E15A561009EF59B /* LaunchScreen.storyboard */; };
/* End PBXBuildFile section */

/* Begin PBXFileReference section */
		9E71C96B1E15A561009EF59B /* MVCTestApp.app */ = {isa = PBXFileReference; explicitFileType = wrapper.application; includeInIndex = 0; path = MVCTestApp.app; sourceTree = BUILT_PRODUCTS_DIR; };
		9E71C96E1E15A561009EF59B /* AppDelegate.swift */ = {isa = PBXFileReference; lastKnownFileType = sourcecode.swift; path = AppDelegate.swift; sourceTree = "<group>"; };
		9E71C9701E15A561009EF59B /* ViewController.swift */ = {isa = PBXFileReference; lastKnownFileType = sourcecode.swift; path = ViewController.swift; sourceTree = "<group>"; };
		9E71C9731E15A561009EF59B /* Base */ = {isa = PBXFileReference; lastKnownFileType = file.storyboard; name = Base; path = Base.lproj/Main.storyboard; sourceTree = "<group>"; };
		9E71C9751E15A561009EF59B /* Assets.xcassets */ = {isa = PBXFileReference; lastKnownFileType = folder.assetcatalog; path = Assets.xcassets; sourceTree = "<group>"; };
		9E71C9781E15A561009EF59B /* Base */ = {isa = PBXFileReference; lastKnownFileType = file.storyboard; name = Base; path = Base.lproj/LaunchScreen.storyboard; sourceTree = "<group>"; };
		9E71C97A1E15A561009EF59B /* Info.plist */ = {isa = PBXFileReference; lastKnownFileType = text.plist.xml; path = Info.plist; sourceTree = "<group>"; };
/* End PBXFileReference section */

/* Begin PBXFrameworksBuildPhase section */
		9E71C9681E15A561009EF59B /* Frameworks */ = {
			isa = PBXFrameworksBuildPhase;
			buildActionMask = 2147483647;
			files = (
			);
			runOnlyForDeploymentPostprocessing = 0;
		};
/* End PBXFrameworksBuildPhase section */

/* Begin PBXGroup section */
		9E71C9621E15A560009EF59B = {
			isa = PBXGroup;
			children = (
				9E71C96D1E15A561009EF59B /* MVCTestApp */,
				9E71C96C1E15A561009EF59B /* Products */,
			);
			sourceTree = "<group>";
		};
		9E71C96C1E15A561009EF59B /* Products */ = {
			isa = PBXGroup;
			children = (
				9E71C96B1E15A561009EF59B /* MVCTestApp.app */,
			);
			name = Products;
			sourceTree = "<group>";
		};
		9E71C96D1E15A561009EF59B /* MVCTestApp */ = {
			isa = PBXGroup;
			children = (
				9E71C96E1E15A561009EF59B /* AppDelegate.swift */,
				9E71C9701E15A561009EF59B /* ViewController.swift */,
				9E71C9721E15A561009EF59B /* Main.storyboard */,
				9E71C9751E15A561009EF59B /* Assets.xcassets */,
				9E71C9771E15A561009EF59B /* LaunchScreen.storyboard */,
				9E71C97A1E15A561009EF59B /* Info.plist */,
			);
			path = MVCTestApp;
			sourceTree = "<group>";
		};
/* End PBXGroup section */

/* Begin PBXNativeTarget section */
		9E71C96A1E15A561009EF59B /* MVCTestApp */ = {
			isa = PBXNativeTarget;
			buildConfigurationList = 9E71C97D1E15A561009EF59B /* Build configuration list for PBXNativeTarget "MVCTestApp" */;
			buildPhases = (
				9E71C9671E15A561009EF59B /* Sources */,
				9E71C9681E15A561009EF59B /* Frameworks */,
				9E71C9691E15A561009EF59B /* Resources */,
			);
			buildRules = (
			);
			dependencies = (
			);
			name = MVCTestApp;
			productName = MVCTestApp;
			productReference = 9E71C96B1E15A561009EF59B /* MVCTestApp.app */;
			productType = "com.apple.product-type.application";
		};
/* End PBXNativeTarget section */

/* Begin PBXProject section */
		9E71C9631E15A560009EF59B /* Project object */ = {
			isa = PBXProject;
			attributes = {
				LastSwiftUpdateCheck = 0820;
				LastUpgradeCheck = 0820;
				ORGANIZATIONNAME = "Erik Uecke";
				TargetAttributes = {
					9E71C96A1E15A561009EF59B = {
						CreatedOnToolsVersion = 8.2;
						DevelopmentTeam = DSV7VS8A6A;
						ProvisioningStyle = Automatic;
					};
				};
			};
			buildConfigurationList = 9E71C9661E15A560009EF59B /* Build configuration list for PBXProject "MVCTestApp" */;
			compatibilityVersion = "Xcode 3.2";
			developmentRegion = English;
			hasScannedForEncodings = 0;
			knownRegions = (
				en,
				Base,
			);
			mainGroup = 9E71C9621E15A560009EF59B;
			productRefGroup = 9E71C96C1E15A561009EF59B /* Products */;
			projectDirPath = "";
			projectRoot = "";
			targets = (
				9E71C96A1E15A561009EF59B /* MVCTestApp */,
			);
		};
/* End PBXProject section */

/* Begin PBXResourcesBuildPhase section */
		9E71C9691E15A561009EF59B /* Resources */ = {
			isa = PBXResourcesBuildPhase;
			buildActionMask = 2147483647;
			files = (
				9E71C9791E15A561009EF59B /* LaunchScreen.storyboard in Resources */,
				9E71C9761E15A561009EF59B /* Assets.xcassets in Resources */,
				9E71C9741E15A561009EF59B /* Main.storyboard in Resources */,
			);
			runOnlyForDeploymentPostprocessing = 0;
		};
/* End PBXResourcesBuildPhase section */

/* Begin PBXSourcesBuildPhase section */
		9E71C9671E15A561009EF59B /* Sources */ = {
			isa = PBXSourcesBuildPhase;
			buildActionMask = 2147483647;
			files = (
				9E71C9711E15A561009EF59B /* ViewController.swift in Sources */,
				9E71C96F1E15A561009EF59B /* AppDelegate.swift in Sources */,
			);
			runOnlyForDeploymentPostprocessing = 0;
		};
/* End PBXSourcesBuildPhase section */

/* Begin PBXVariantGroup section */
		9E71C9721E15A561009EF59B /* Main.storyboard */ = {
			isa = PBXVariantGroup;
			children = (
				9E71C9731E15A561009EF59B /* Base */,
			);
			name = Main.storyboard;
			sourceTree = "<group>";
		};
		9E71C9771E15A561009EF59B /* LaunchScreen.storyboard */ = {
			isa = PBXVariantGroup;
			children = (
				9E71C9781E15A561009EF59B /* Base */,
			);
			name = LaunchScreen.storyboard;
			sourceTree = "<group>";
		};
/* End PBXVariantGroup section */

/* Begin XCBuildConfiguration section */
		9E71C97B1E15A561009EF59B /* Debug */ = {
			isa = XCBuildConfiguration;
			buildSettings = {
				ALWAYS_SEARCH_USER_PATHS = NO;
				CLANG_ANALYZER_NONNULL = YES;
				CLANG_CXX_LANGUAGE_STANDARD = "gnu++0x";
				CLANG_CXX_LIBRARY = "libc++";
				CLANG_ENABLE_MODULES = YES;
				CLANG_ENABLE_OBJC_ARC = YES;
				CLANG_WARN_BOOL_CONVERSION = YES;
				CLANG_WARN_CONSTANT_CONVERSION = YES;
				CLANG_WARN_DIRECT_OBJC_ISA_USAGE = YES_ERROR;
				CLANG_WARN_DOCUMENTATION_COMMENTS = YES;
				CLANG_WARN_EMPTY_BODY = YES;
				CLANG_WARN_ENUM_CONVERSION = YES;
				CLANG_WARN_INFINITE_RECURSION = YES;
				CLANG_WARN_INT_CONVERSION = YES;
				CLANG_WARN_OBJC_ROOT_CLASS = YES_ERROR;
				CLANG_WARN_SUSPICIOUS_MOVE = YES;
				CLANG_WARN_UNREACHABLE_CODE = YES;
				CLANG_WARN__DUPLICATE_METHOD_MATCH = YES;
				"CODE_SIGN_IDENTITY[sdk=iphoneos*]" = "iPhone Developer";
				COPY_PHASE_STRIP = NO;
				DEBUG_INFORMATION_FORMAT = dwarf;
				ENABLE_STRICT_OBJC_MSGSEND = YES;
				ENABLE_TESTABILITY = YES;
				GCC_C_LANGUAGE_STANDARD = gnu99;
				GCC_DYNAMIC_NO_PIC = NO;
				GCC_NO_COMMON_BLOCKS = YES;
				GCC_OPTIMIZATION_LEVEL = 0;
				GCC_PREPROCESSOR_DEFINITIONS = (
					"DEBUG=1",
					"$(inherited)",
				);
				GCC_WARN_64_TO_32_BIT_CONVERSION = YES;
				GCC_WARN_ABOUT_RETURN_TYPE = YES_ERROR;
				GCC_WARN_UNDECLARED_SELECTOR = YES;
				GCC_WARN_UNINITIALIZED_AUTOS = YES_AGGRESSIVE;
				GCC_WARN_UNUSED_FUNCTION = YES;
				GCC_WARN_UNUSED_VARIABLE = YES;
				IPHONEOS_DEPLOYMENT_TARGET = 10.2;
				MTL_ENABLE_DEBUG_INFO = YES;
				ONLY_ACTIVE_ARCH = YES;
				SDKROOT = iphoneos;
				SWIFT_ACTIVE_COMPILATION_CONDITIONS = DEBUG;
				SWIFT_OPTIMIZATION_LEVEL = "-Onone";
				TARGETED_DEVICE_FAMILY = "1,2";
			};
			name = Debug;
		};
		9E71C97C1E15A561009EF59B /* Release */ = {
			isa = XCBuildConfiguration;
			buildSettings = {
				ALWAYS_SEARCH_USER_PATHS = NO;
				CLANG_ANALYZER_NONNULL = YES;
				CLANG_CXX_LANGUAGE_STANDARD = "gnu++0x";
				CLANG_CXX_LIBRARY = "libc++";
				CLANG_ENABLE_MODULES = YES;
				CLANG_ENABLE_OBJC_ARC = YES;
				CLANG_WARN_BOOL_CONVERSION = YES;
				CLANG_WARN_CONSTANT_CONVERSION = YES;
				CLANG_WARN_DIRECT_OBJC_ISA_USAGE = YES_ERROR;
				CLANG_WARN_DOCUMENTATION_COMMENTS = YES;
				CLANG_WARN_EMPTY_BODY = YES;
				CLANG_WARN_ENUM_CONVERSION = YES;
				CLANG_WARN_INFINITE_RECURSION = YES;
				CLANG_WARN_INT_CONVERSION = YES;
				CLANG_WARN_OBJC_ROOT_CLASS = YES_ERROR;
				CLANG_WARN_SUSPICIOUS_MOVE = YES;
				CLANG_WARN_UNREACHABLE_CODE = YES;
				CLANG_WARN__DUPLICATE_METHOD_MATCH = YES;
				"CODE_SIGN_IDENTITY[sdk=iphoneos*]" = "iPhone Developer";
				COPY_PHASE_STRIP = NO;
				DEBUG_INFORMATION_FORMAT = "dwarf-with-dsym";
				ENABLE_NS_ASSERTIONS = NO;
				ENABLE_STRICT_OBJC_MSGSEND = YES;
				GCC_C_LANGUAGE_STANDARD = gnu99;
				GCC_NO_COMMON_BLOCKS = YES;
				GCC_WARN_64_TO_32_BIT_CONVERSION = YES;
				GCC_WARN_ABOUT_RETURN_TYPE = YES_ERROR;
				GCC_WARN_UNDECLARED_SELECTOR = YES;
				GCC_WARN_UNINITIALIZED_AUTOS = YES_AGGRESSIVE;
				GCC_WARN_UNUSED_FUNCTION = YES;
				GCC_WARN_UNUSED_VARIABLE = YES;
				IPHONEOS_DEPLOYMENT_TARGET = 10.2;
				MTL_ENABLE_DEBUG_INFO = NO;
				SDKROOT = iphoneos;
				SWIFT_OPTIMIZATION_LEVEL = "-Owholemodule";
				TARGETED_DEVICE_FAMILY = "1,2";
				VALIDATE_PRODUCT = YES;
			};
			name = Release;
		};
		9E71C97E1E15A561009EF59B /* Debug */ = {
			isa = XCBuildConfiguration;
			buildSettings = {
				ASSETCATALOG_COMPILER_APPICON_NAME = AppIcon;
				DEVELOPMENT_TEAM = DSV7VS8A6A;
				INFOPLIST_FILE = MVCTestApp/Info.plist;
				LD_RUNPATH_SEARCH_PATHS = "$(inherited) @executable_path/Frameworks";
				PRODUCT_BUNDLE_IDENTIFIER = com.erikuecke.MVCTestApp;
				PRODUCT_NAME = "$(TARGET_NAME)";
				SWIFT_VERSION = 3.0;
			};
			name = Debug;
		};
		9E71C97F1E15A561009EF59B /* Release */ = {
			isa = XCBuildConfiguration;
			buildSettings = {
				ASSETCATALOG_COMPILER_APPICON_NAME = AppIcon;
				DEVELOPMENT_TEAM = DSV7VS8A6A;
				INFOPLIST_FILE = MVCTestApp/Info.plist;
				LD_RUNPATH_SEARCH_PATHS = "$(inherited) @executable_path/Frameworks";
				PRODUCT_BUNDLE_IDENTIFIER = com.erikuecke.MVCTestApp;
				PRODUCT_NAME = "$(TARGET_NAME)";
				SWIFT_VERSION = 3.0;
			};
			name = Release;
		};
/* End XCBuildConfiguration section */

/* Begin XCConfigurationList section */
		9E71C9661E15A560009EF59B /* Build configuration list for PBXProject "MVCTestApp" */ = {
			isa = XCConfigurationList;
			buildConfigurations = (
				9E71C97B1E15A561009EF59B /* Debug */,
				9E71C97C1E15A561009EF59B /* Release */,
			);
			defaultConfigurationIsVisible = 0;
			defaultConfigurationName = Release;
		};
		9E71C97D1E15A561009EF59B /* Build configuration list for PBXNativeTarget "MVCTestApp" */ = {
			isa = XCConfigurationList;
			buildConfigurations = (
				9E71C97E1E15A561009EF59B /* Debug */,
				9E71C97F1E15A561009EF59B /* Release */,
			);
			defaultConfigurationIsVisible = 0;
		};
/* End XCConfigurationList section */
	};
	rootObject = 9E71C9631E15A560009EF59B /* Project object */;
}
